// !$*UTF8*$!
{
	archiveVersion = 1;
	classes = {
	};
	objectVersion = 56;
	objects = {

/* Begin PBXBuildFile section */
		DF42399B29FF75FD009F6048 /* SwiftuiCryptoApp.swift in Sources */ = {isa = PBXBuildFile; fileRef = DF42399A29FF75FD009F6048 /* SwiftuiCryptoApp.swift */; };
		DF42399D29FF75FD009F6048 /* ContentView.swift in Sources */ = {isa = PBXBuildFile; fileRef = DF42399C29FF75FD009F6048 /* ContentView.swift */; };
		DF42399F29FF75FE009F6048 /* Assets.xcassets in Resources */ = {isa = PBXBuildFile; fileRef = DF42399E29FF75FE009F6048 /* Assets.xcassets */; };
		DF4239A229FF75FE009F6048 /* Preview Assets.xcassets in Resources */ = {isa = PBXBuildFile; fileRef = DF4239A129FF75FE009F6048 /* Preview Assets.xcassets */; };
		DF4239AB29FF78DD009F6048 /* Color.swift in Sources */ = {isa = PBXBuildFile; fileRef = DF4239AA29FF78DD009F6048 /* Color.swift */; };
		DF4239B329FF7C72009F6048 /* HomeView.swift in Sources */ = {isa = PBXBuildFile; fileRef = DF4239B229FF7C72009F6048 /* HomeView.swift */; };
		DF4239B729FF7E14009F6048 /* CircleButtonView.swift in Sources */ = {isa = PBXBuildFile; fileRef = DF4239B629FF7E14009F6048 /* CircleButtonView.swift */; };
		DF4239B929FF8545009F6048 /* CircleButtonAnimationView.swift in Sources */ = {isa = PBXBuildFile; fileRef = DF4239B829FF8545009F6048 /* CircleButtonAnimationView.swift */; };
		DF4239BC29FF8C6E009F6048 /* CoinModel.swift in Sources */ = {isa = PBXBuildFile; fileRef = DF4239BB29FF8C6E009F6048 /* CoinModel.swift */; };
		DF4239BE29FF9FCD009F6048 /* CoinRowView.swift in Sources */ = {isa = PBXBuildFile; fileRef = DF4239BD29FF9FCD009F6048 /* CoinRowView.swift */; };
		DF4239C029FFA040009F6048 /* PreviewProvider.swift in Sources */ = {isa = PBXBuildFile; fileRef = DF4239BF29FFA040009F6048 /* PreviewProvider.swift */; };
		DF4239C229FFA66E009F6048 /* Double.swift in Sources */ = {isa = PBXBuildFile; fileRef = DF4239C129FFA66E009F6048 /* Double.swift */; };
		DF77445D2A00F93B0058070D /* HomeViewModel.swift in Sources */ = {isa = PBXBuildFile; fileRef = DF77445C2A00F93B0058070D /* HomeViewModel.swift */; };
/* End PBXBuildFile section */

/* Begin PBXFileReference section */
		DF42399729FF75FD009F6048 /* SwiftuiCrypto.app */ = {isa = PBXFileReference; explicitFileType = wrapper.application; includeInIndex = 0; path = SwiftuiCrypto.app; sourceTree = BUILT_PRODUCTS_DIR; };
		DF42399A29FF75FD009F6048 /* SwiftuiCryptoApp.swift */ = {isa = PBXFileReference; lastKnownFileType = sourcecode.swift; path = SwiftuiCryptoApp.swift; sourceTree = "<group>"; };
		DF42399C29FF75FD009F6048 /* ContentView.swift */ = {isa = PBXFileReference; lastKnownFileType = sourcecode.swift; path = ContentView.swift; sourceTree = "<group>"; };
		DF42399E29FF75FE009F6048 /* Assets.xcassets */ = {isa = PBXFileReference; lastKnownFileType = folder.assetcatalog; path = Assets.xcassets; sourceTree = "<group>"; };
		DF4239A129FF75FE009F6048 /* Preview Assets.xcassets */ = {isa = PBXFileReference; lastKnownFileType = folder.assetcatalog; path = "Preview Assets.xcassets"; sourceTree = "<group>"; };
		DF4239A829FF766F009F6048 /* Info.plist */ = {isa = PBXFileReference; lastKnownFileType = text.plist; path = Info.plist; sourceTree = "<group>"; };
		DF4239AA29FF78DD009F6048 /* Color.swift */ = {isa = PBXFileReference; lastKnownFileType = sourcecode.swift; path = Color.swift; sourceTree = "<group>"; };
		DF4239B229FF7C72009F6048 /* HomeView.swift */ = {isa = PBXFileReference; lastKnownFileType = sourcecode.swift; path = HomeView.swift; sourceTree = "<group>"; };
		DF4239B629FF7E14009F6048 /* CircleButtonView.swift */ = {isa = PBXFileReference; lastKnownFileType = sourcecode.swift; path = CircleButtonView.swift; sourceTree = "<group>"; };
		DF4239B829FF8545009F6048 /* CircleButtonAnimationView.swift */ = {isa = PBXFileReference; lastKnownFileType = sourcecode.swift; path = CircleButtonAnimationView.swift; sourceTree = "<group>"; };
		DF4239BB29FF8C6E009F6048 /* CoinModel.swift */ = {isa = PBXFileReference; lastKnownFileType = sourcecode.swift; path = CoinModel.swift; sourceTree = "<group>"; };
		DF4239BD29FF9FCD009F6048 /* CoinRowView.swift */ = {isa = PBXFileReference; lastKnownFileType = sourcecode.swift; path = CoinRowView.swift; sourceTree = "<group>"; };
		DF4239BF29FFA040009F6048 /* PreviewProvider.swift */ = {isa = PBXFileReference; lastKnownFileType = sourcecode.swift; path = PreviewProvider.swift; sourceTree = "<group>"; };
		DF4239C129FFA66E009F6048 /* Double.swift */ = {isa = PBXFileReference; lastKnownFileType = sourcecode.swift; path = Double.swift; sourceTree = "<group>"; };
		DF77445C2A00F93B0058070D /* HomeViewModel.swift */ = {isa = PBXFileReference; lastKnownFileType = sourcecode.swift; path = HomeViewModel.swift; sourceTree = "<group>"; };
/* End PBXFileReference section */

/* Begin PBXFrameworksBuildPhase section */
		DF42399429FF75FD009F6048 /* Frameworks */ = {
			isa = PBXFrameworksBuildPhase;
			buildActionMask = 2147483647;
			files = (
			);
			runOnlyForDeploymentPostprocessing = 0;
		};
/* End PBXFrameworksBuildPhase section */

/* Begin PBXGroup section */
		DF42398E29FF75FD009F6048 = {
			isa = PBXGroup;
			children = (
				DF42399929FF75FD009F6048 /* SwiftuiCrypto */,
				DF42399829FF75FD009F6048 /* Products */,
			);
			sourceTree = "<group>";
		};
		DF42399829FF75FD009F6048 /* Products */ = {
			isa = PBXGroup;
			children = (
				DF42399729FF75FD009F6048 /* SwiftuiCrypto.app */,
			);
			name = Products;
			sourceTree = "<group>";
		};
		DF42399929FF75FD009F6048 /* SwiftuiCrypto */ = {
			isa = PBXGroup;
			children = (
				DF4239A829FF766F009F6048 /* Info.plist */,
				DF42399A29FF75FD009F6048 /* SwiftuiCryptoApp.swift */,
				DF4239A929FF78AE009F6048 /* Extensions */,
				DF4239BA29FF8C1D009F6048 /* Models */,
				DF4239AC29FF7BF4009F6048 /* Core */,
				DF42399C29FF75FD009F6048 /* ContentView.swift */,
				DF42399E29FF75FE009F6048 /* Assets.xcassets */,
				DF4239A029FF75FE009F6048 /* Preview Content */,
			);
			path = SwiftuiCrypto;
			sourceTree = "<group>";
		};
		DF4239A029FF75FE009F6048 /* Preview Content */ = {
			isa = PBXGroup;
			children = (
				DF4239A129FF75FE009F6048 /* Preview Assets.xcassets */,
			);
			path = "Preview Content";
			sourceTree = "<group>";
		};
		DF4239A929FF78AE009F6048 /* Extensions */ = {
			isa = PBXGroup;
			children = (
				DF4239AA29FF78DD009F6048 /* Color.swift */,
				DF4239BF29FFA040009F6048 /* PreviewProvider.swift */,
				DF4239C129FFA66E009F6048 /* Double.swift */,
			);
			path = Extensions;
			sourceTree = "<group>";
		};
		DF4239AC29FF7BF4009F6048 /* Core */ = {
			isa = PBXGroup;
			children = (
				DF4239B429FF7DDE009F6048 /* Components */,
				DF4239AD29FF7C04009F6048 /* Home */,
			);
			path = Core;
			sourceTree = "<group>";
		};
		DF4239AD29FF7C04009F6048 /* Home */ = {
			isa = PBXGroup;
			children = (
				DF4239AF29FF7C18009F6048 /* ViewModels */,
				DF4239AE29FF7C10009F6048 /* Views */,
			);
			path = Home;
			sourceTree = "<group>";
		};
		DF4239AE29FF7C10009F6048 /* Views */ = {
			isa = PBXGroup;
			children = (
				DF4239B229FF7C72009F6048 /* HomeView.swift */,
				DF4239BD29FF9FCD009F6048 /* CoinRowView.swift */,
			);
			path = Views;
			sourceTree = "<group>";
		};
		DF4239AF29FF7C18009F6048 /* ViewModels */ = {
			isa = PBXGroup;
			children = (
				DF77445C2A00F93B0058070D /* HomeViewModel.swift */,
			);
			path = ViewModels;
			sourceTree = "<group>";
		};
		DF4239B429FF7DDE009F6048 /* Components */ = {
			isa = PBXGroup;
			children = (
				DF4239B529FF7DF4009F6048 /* CircleButton */,
			);
			path = Components;
			sourceTree = "<group>";
		};
		DF4239B529FF7DF4009F6048 /* CircleButton */ = {
			isa = PBXGroup;
			children = (
				DF4239B629FF7E14009F6048 /* CircleButtonView.swift */,
				DF4239B829FF8545009F6048 /* CircleButtonAnimationView.swift */,
			);
			path = CircleButton;
			sourceTree = "<group>";
		};
		DF4239BA29FF8C1D009F6048 /* Models */ = {
			isa = PBXGroup;
			children = (
				DF4239BB29FF8C6E009F6048 /* CoinModel.swift */,
			);
			path = Models;
			sourceTree = "<group>";
		};
/* End PBXGroup section */

/* Begin PBXNativeTarget section */
		DF42399629FF75FD009F6048 /* SwiftuiCrypto */ = {
			isa = PBXNativeTarget;
			buildConfigurationList = DF4239A529FF75FE009F6048 /* Build configuration list for PBXNativeTarget "SwiftuiCrypto" */;
			buildPhases = (
				DF42399329FF75FD009F6048 /* Sources */,
				DF42399429FF75FD009F6048 /* Frameworks */,
				DF42399529FF75FD009F6048 /* Resources */,
			);
			buildRules = (
			);
			dependencies = (
			);
			name = SwiftuiCrypto;
			productName = SwiftuiCrypto;
			productReference = DF42399729FF75FD009F6048 /* SwiftuiCrypto.app */;
			productType = "com.apple.product-type.application";
		};
/* End PBXNativeTarget section */

/* Begin PBXProject section */
		DF42398F29FF75FD009F6048 /* Project object */ = {
			isa = PBXProject;
			attributes = {
				BuildIndependentTargetsInParallel = 1;
				LastSwiftUpdateCheck = 1420;
				LastUpgradeCheck = 1420;
				TargetAttributes = {
					DF42399629FF75FD009F6048 = {
						CreatedOnToolsVersion = 14.2;
					};
				};
			};
			buildConfigurationList = DF42399229FF75FD009F6048 /* Build configuration list for PBXProject "SwiftuiCrypto" */;
			compatibilityVersion = "Xcode 14.0";
			developmentRegion = en;
			hasScannedForEncodings = 0;
			knownRegions = (
				en,
				Base,
			);
			mainGroup = DF42398E29FF75FD009F6048;
			productRefGroup = DF42399829FF75FD009F6048 /* Products */;
			projectDirPath = "";
			projectRoot = "";
			targets = (
				DF42399629FF75FD009F6048 /* SwiftuiCrypto */,
			);
		};
/* End PBXProject section */

/* Begin PBXResourcesBuildPhase section */
		DF42399529FF75FD009F6048 /* Resources */ = {
			isa = PBXResourcesBuildPhase;
			buildActionMask = 2147483647;
			files = (
				DF4239A229FF75FE009F6048 /* Preview Assets.xcassets in Resources */,
				DF42399F29FF75FE009F6048 /* Assets.xcassets in Resources */,
			);
			runOnlyForDeploymentPostprocessing = 0;
		};
/* End PBXResourcesBuildPhase section */

/* Begin PBXSourcesBuildPhase section */
		DF42399329FF75FD009F6048 /* Sources */ = {
			isa = PBXSourcesBuildPhase;
			buildActionMask = 2147483647;
			files = (
				DF4239BE29FF9FCD009F6048 /* CoinRowView.swift in Sources */,
				DF77445D2A00F93B0058070D /* HomeViewModel.swift in Sources */,
				DF42399D29FF75FD009F6048 /* ContentView.swift in Sources */,
				DF4239B329FF7C72009F6048 /* HomeView.swift in Sources */,
				DF42399B29FF75FD009F6048 /* SwiftuiCryptoApp.swift in Sources */,
				DF4239B729FF7E14009F6048 /* CircleButtonView.swift in Sources */,
				DF4239AB29FF78DD009F6048 /* Color.swift in Sources */,
				DF4239B929FF8545009F6048 /* CircleButtonAnimationView.swift in Sources */,
				DF4239C029FFA040009F6048 /* PreviewProvider.swift in Sources */,
				DF4239C229FFA66E009F6048 /* Double.swift in Sources */,
				DF4239BC29FF8C6E009F6048 /* CoinModel.swift in Sources */,
			);
			runOnlyForDeploymentPostprocessing = 0;
		};
/* End PBXSourcesBuildPhase section */

/* Begin XCBuildConfiguration section */
		DF4239A329FF75FE009F6048 /* Debug */ = {
			isa = XCBuildConfiguration;
			buildSettings = {
				ALWAYS_SEARCH_USER_PATHS = NO;
				CLANG_ANALYZER_NONNULL = YES;
				CLANG_ANALYZER_NUMBER_OBJECT_CONVERSION = YES_AGGRESSIVE;
				CLANG_CXX_LANGUAGE_STANDARD = "gnu++20";
				CLANG_ENABLE_MODULES = YES;
				CLANG_ENABLE_OBJC_ARC = YES;
				CLANG_ENABLE_OBJC_WEAK = YES;
				CLANG_WARN_BLOCK_CAPTURE_AUTORELEASING = YES;
				CLANG_WARN_BOOL_CONVERSION = YES;
				CLANG_WARN_COMMA = YES;
				CLANG_WARN_CONSTANT_CONVERSION = YES;
				CLANG_WARN_DEPRECATED_OBJC_IMPLEMENTATIONS = YES;
				CLANG_WARN_DIRECT_OBJC_ISA_USAGE = YES_ERROR;
				CLANG_WARN_DOCUMENTATION_COMMENTS = YES;
				CLANG_WARN_EMPTY_BODY = YES;
				CLANG_WARN_ENUM_CONVERSION = YES;
				CLANG_WARN_INFINITE_RECURSION = YES;
				CLANG_WARN_INT_CONVERSION = YES;
				CLANG_WARN_NON_LITERAL_NULL_CONVERSION = YES;
				CLANG_WARN_OBJC_IMPLICIT_RETAIN_SELF = YES;
				CLANG_WARN_OBJC_LITERAL_CONVERSION = YES;
				CLANG_WARN_OBJC_ROOT_CLASS = YES_ERROR;
				CLANG_WARN_QUOTED_INCLUDE_IN_FRAMEWORK_HEADER = YES;
				CLANG_WARN_RANGE_LOOP_ANALYSIS = YES;
				CLANG_WARN_STRICT_PROTOTYPES = YES;
				CLANG_WARN_SUSPICIOUS_MOVE = YES;
				CLANG_WARN_UNGUARDED_AVAILABILITY = YES_AGGRESSIVE;
				CLANG_WARN_UNREACHABLE_CODE = YES;
				CLANG_WARN__DUPLICATE_METHOD_MATCH = YES;
				COPY_PHASE_STRIP = NO;
				DEBUG_INFORMATION_FORMAT = dwarf;
				ENABLE_STRICT_OBJC_MSGSEND = YES;
				ENABLE_TESTABILITY = YES;
				GCC_C_LANGUAGE_STANDARD = gnu11;
				GCC_DYNAMIC_NO_PIC = NO;
				GCC_NO_COMMON_BLOCKS = YES;
				GCC_OPTIMIZATION_LEVEL = 0;
				GCC_PREPROCESSOR_DEFINITIONS = (
					"DEBUG=1",
					"$(inherited)",
				);
				GCC_WARN_64_TO_32_BIT_CONVERSION = YES;
				GCC_WARN_ABOUT_RETURN_TYPE = YES_ERROR;
				GCC_WARN_UNDECLARED_SELECTOR = YES;
				GCC_WARN_UNINITIALIZED_AUTOS = YES_AGGRESSIVE;
				GCC_WARN_UNUSED_FUNCTION = YES;
				GCC_WARN_UNUSED_VARIABLE = YES;
				IPHONEOS_DEPLOYMENT_TARGET = 16.2;
				MTL_ENABLE_DEBUG_INFO = INCLUDE_SOURCE;
				MTL_FAST_MATH = YES;
				ONLY_ACTIVE_ARCH = YES;
				SDKROOT = iphoneos;
				SWIFT_ACTIVE_COMPILATION_CONDITIONS = DEBUG;
				SWIFT_OPTIMIZATION_LEVEL = "-Onone";
			};
			name = Debug;
		};
		DF4239A429FF75FE009F6048 /* Release */ = {
			isa = XCBuildConfiguration;
			buildSettings = {
				ALWAYS_SEARCH_USER_PATHS = NO;
				CLANG_ANALYZER_NONNULL = YES;
				CLANG_ANALYZER_NUMBER_OBJECT_CONVERSION = YES_AGGRESSIVE;
				CLANG_CXX_LANGUAGE_STANDARD = "gnu++20";
				CLANG_ENABLE_MODULES = YES;
				CLANG_ENABLE_OBJC_ARC = YES;
				CLANG_ENABLE_OBJC_WEAK = YES;
				CLANG_WARN_BLOCK_CAPTURE_AUTORELEASING = YES;
				CLANG_WARN_BOOL_CONVERSION = YES;
				CLANG_WARN_COMMA = YES;
				CLANG_WARN_CONSTANT_CONVERSION = YES;
				CLANG_WARN_DEPRECATED_OBJC_IMPLEMENTATIONS = YES;
				CLANG_WARN_DIRECT_OBJC_ISA_USAGE = YES_ERROR;
				CLANG_WARN_DOCUMENTATION_COMMENTS = YES;
				CLANG_WARN_EMPTY_BODY = YES;
				CLANG_WARN_ENUM_CONVERSION = YES;
				CLANG_WARN_INFINITE_RECURSION = YES;
				CLANG_WARN_INT_CONVERSION = YES;
				CLANG_WARN_NON_LITERAL_NULL_CONVERSION = YES;
				CLANG_WARN_OBJC_IMPLICIT_RETAIN_SELF = YES;
				CLANG_WARN_OBJC_LITERAL_CONVERSION = YES;
				CLANG_WARN_OBJC_ROOT_CLASS = YES_ERROR;
				CLANG_WARN_QUOTED_INCLUDE_IN_FRAMEWORK_HEADER = YES;
				CLANG_WARN_RANGE_LOOP_ANALYSIS = YES;
				CLANG_WARN_STRICT_PROTOTYPES = YES;
				CLANG_WARN_SUSPICIOUS_MOVE = YES;
				CLANG_WARN_UNGUARDED_AVAILABILITY = YES_AGGRESSIVE;
				CLANG_WARN_UNREACHABLE_CODE = YES;
				CLANG_WARN__DUPLICATE_METHOD_MATCH = YES;
				COPY_PHASE_STRIP = NO;
				DEBUG_INFORMATION_FORMAT = "dwarf-with-dsym";
				ENABLE_NS_ASSERTIONS = NO;
				ENABLE_STRICT_OBJC_MSGSEND = YES;
				GCC_C_LANGUAGE_STANDARD = gnu11;
				GCC_NO_COMMON_BLOCKS = YES;
				GCC_WARN_64_TO_32_BIT_CONVERSION = YES;
				GCC_WARN_ABOUT_RETURN_TYPE = YES_ERROR;
				GCC_WARN_UNDECLARED_SELECTOR = YES;
				GCC_WARN_UNINITIALIZED_AUTOS = YES_AGGRESSIVE;
				GCC_WARN_UNUSED_FUNCTION = YES;
				GCC_WARN_UNUSED_VARIABLE = YES;
				IPHONEOS_DEPLOYMENT_TARGET = 16.2;
				MTL_ENABLE_DEBUG_INFO = NO;
				MTL_FAST_MATH = YES;
				SDKROOT = iphoneos;
				SWIFT_COMPILATION_MODE = wholemodule;
				SWIFT_OPTIMIZATION_LEVEL = "-O";
				VALIDATE_PRODUCT = YES;
			};
			name = Release;
		};
		DF4239A629FF75FE009F6048 /* Debug */ = {
			isa = XCBuildConfiguration;
			buildSettings = {
				ASSETCATALOG_COMPILER_APPICON_NAME = AppIcon;
				ASSETCATALOG_COMPILER_GLOBAL_ACCENT_COLOR_NAME = AccentColor;
				CODE_SIGN_STYLE = Automatic;
				CURRENT_PROJECT_VERSION = 1;
				DEVELOPMENT_ASSET_PATHS = "\"SwiftuiCrypto/Preview Content\"";
				DEVELOPMENT_TEAM = CSDME8QJX3;
				ENABLE_PREVIEWS = YES;
				GENERATE_INFOPLIST_FILE = YES;
				INFOPLIST_FILE = SwiftuiCrypto/Info.plist;
				INFOPLIST_KEY_CFBundleDisplayName = "Crypto Tracker";
				INFOPLIST_KEY_LSApplicationCategoryType = "public.app-category.finance";
				INFOPLIST_KEY_UIApplicationSupportsIndirectInputEvents = YES;
				INFOPLIST_KEY_UILaunchScreen_Generation = YES;
				INFOPLIST_KEY_UIStatusBarStyle = "";
				INFOPLIST_KEY_UISupportedInterfaceOrientations = UIInterfaceOrientationPortrait;
				LD_RUNPATH_SEARCH_PATHS = (
					"$(inherited)",
					"@executable_path/Frameworks",
				);
				MARKETING_VERSION = 1.0;
				PRODUCT_BUNDLE_IDENTIFIER = com.rothermel1.SwiftuiCrypto;
				PRODUCT_NAME = "$(TARGET_NAME)";
				SWIFT_EMIT_LOC_STRINGS = YES;
				SWIFT_VERSION = 5.0;
				TARGETED_DEVICE_FAMILY = "1,2";
			};
			name = Debug;
		};
		DF4239A729FF75FE009F6048 /* Release */ = {
			isa = XCBuildConfiguration;
			buildSettings = {
				ASSETCATALOG_COMPILER_APPICON_NAME = AppIcon;
				ASSETCATALOG_COMPILER_GLOBAL_ACCENT_COLOR_NAME = AccentColor;
				CODE_SIGN_STYLE = Automatic;
				CURRENT_PROJECT_VERSION = 1;
				DEVELOPMENT_ASSET_PATHS = "\"SwiftuiCrypto/Preview Content\"";
				DEVELOPMENT_TEAM = CSDME8QJX3;
				ENABLE_PREVIEWS = YES;
				GENERATE_INFOPLIST_FILE = YES;
				INFOPLIST_FILE = SwiftuiCrypto/Info.plist;
				INFOPLIST_KEY_CFBundleDisplayName = "Crypto Tracker";
				INFOPLIST_KEY_LSApplicationCategoryType = "public.app-category.finance";
				INFOPLIST_KEY_UIApplicationSupportsIndirectInputEvents = YES;
				INFOPLIST_KEY_UILaunchScreen_Generation = YES;
				INFOPLIST_KEY_UIStatusBarStyle = "";
				INFOPLIST_KEY_UISupportedInterfaceOrientations = UIInterfaceOrientationPortrait;
				LD_RUNPATH_SEARCH_PATHS = (
					"$(inherited)",
					"@executable_path/Frameworks",
				);
				MARKETING_VERSION = 1.0;
				PRODUCT_BUNDLE_IDENTIFIER = com.rothermel1.SwiftuiCrypto;
				PRODUCT_NAME = "$(TARGET_NAME)";
				SWIFT_EMIT_LOC_STRINGS = YES;
				SWIFT_VERSION = 5.0;
				TARGETED_DEVICE_FAMILY = "1,2";
			};
			name = Release;
		};
/* End XCBuildConfiguration section */

/* Begin XCConfigurationList section */
		DF42399229FF75FD009F6048 /* Build configuration list for PBXProject "SwiftuiCrypto" */ = {
			isa = XCConfigurationList;
			buildConfigurations = (
				DF4239A329FF75FE009F6048 /* Debug */,
				DF4239A429FF75FE009F6048 /* Release */,
			);
			defaultConfigurationIsVisible = 0;
			defaultConfigurationName = Release;
		};
		DF4239A529FF75FE009F6048 /* Build configuration list for PBXNativeTarget "SwiftuiCrypto" */ = {
			isa = XCConfigurationList;
			buildConfigurations = (
				DF4239A629FF75FE009F6048 /* Debug */,
				DF4239A729FF75FE009F6048 /* Release */,
			);
			defaultConfigurationIsVisible = 0;
			defaultConfigurationName = Release;
		};
/* End XCConfigurationList section */
	};
	rootObject = DF42398F29FF75FD009F6048 /* Project object */;
}
